
Microsoft Visual Studio Solution File, Format Version 12.00
# Visual Studio Version 17
VisualStudioVersion = 17.9.34607.119
MinimumVisualStudioVersion = 10.0.40219.1
Project("{9A19103F-16F7-4668-BE54-9A1E7A4F7556}") = "TaskScheduler.App", "TaskScheduler.App\TaskScheduler.App.csproj", "{81E7D3C9-668E-4DFA-B604-F8399DDC0C87}"
EndProject
Global
	GlobalSection(SolutionConfigurationPlatforms) = preSolution
		Debug|Any CPU = Debug|Any CPU
		Release|Any CPU = Release|Any CPU
	EndGlobalSection
	GlobalSection(ProjectConfigurationPlatforms) = postSolution
		{81E7D3C9-668E-4DFA-B604-F8399DDC0C87}.Debug|Any CPU.ActiveCfg = Debug|Any CPU
		{81E7D3C9-668E-4DFA-B604-F8399DDC0C87}.Debug|Any CPU.Build.0 = Debug|Any CPU
		{81E7D3C9-668E-4DFA-B604-F8399DDC0C87}.Release|Any CPU.ActiveCfg = Release|Any CPU
		{81E7D3C9-668E-4DFA-B604-F8399DDC0C87}.Release|Any CPU.Build.0 = Release|Any CPU
	EndGlobalSection
	GlobalSection(SolutionProperties) = preSolution
		HideSolutionNode = FALSE
	EndGlobalSection
	GlobalSection(ExtensibilityGlobals) = postSolution
		SolutionGuid = {7F41A24F-2ABC-4A14-B730-D74888B915A3}
	EndGlobalSection
EndGlobal
